<?xml version="1.0" encoding="utf-8"?>
<Project ToolsVersion="4.0" xmlns="http://schemas.microsoft.com/developer/msbuild/2003">
  <ItemGroup>
    <Filter Include="Source Files">
      <UniqueIdentifier>{4FC737F1-C7A5-4376-A066-2A32D752A2FF}</UniqueIdentifier>
      <Extensions>cpp;c;cc;cxx;def;odl;idl;hpj;bat;asm;asmx</Extensions>
    </Filter>
    <Filter Include="Header Files">
      <UniqueIdentifier>{93995380-89BD-4b04-88EB-625FBE52EBFB}</UniqueIdentifier>
      <Extensions>h;hh;hpp;hxx;hm;inl;inc;xsd</Extensions>
    </Filter>
    <Filter Include="Source Files\Network">
      <UniqueIdentifier>{c47ac2d8-7fa2-4ae4-93b5-cadf10650655}</UniqueIdentifier>
    </Filter>
    <Filter Include="Source Files\Entities">
      <UniqueIdentifier>{50c636fc-2615-4592-b899-6e7a9b41f22d}</UniqueIdentifier>
    </Filter>
    <Filter Include="Source Files\Network\Proto">
      <UniqueIdentifier>{f339f0ad-a6a7-4fb0-9680-9e5c34fd533e}</UniqueIdentifier>
    </Filter>
    <Filter Include="Source Files\Screen">
      <UniqueIdentifier>{6566f8fc-0b47-4391-b81e-e3d2c490e6b3}</UniqueIdentifier>
    </Filter>
    <Filter Include="Source Files\Screen\Base Class%27s">
      <UniqueIdentifier>{3b9a4ae8-1b98-44fe-aece-205a2f97204d}</UniqueIdentifier>
    </Filter>
    <Filter Include="Resource Files">
      <UniqueIdentifier>{67DA6AB6-F800-4c08-8B7A-83BB121AAD01}</UniqueIdentifier>
      <Extensions>rc;ico;cur;bmp;dlg;rc2;rct;bin;rgs;gif;jpg;jpeg;jpe;resx;tiff;tif;png;wav;mfcribbon-ms</Extensions>
    </Filter>
  </ItemGroup>
  <ItemGroup>
    <ClCompile Include="main.cpp">
      <Filter>Source Files</Filter>
    </ClCompile>
    <ClCompile Include="World.cpp">
      <Filter>Source Files</Filter>
    </ClCompile>
    <ClCompile Include="Network.cpp">
      <Filter>Source Files\Network</Filter>
    </ClCompile>
    <ClCompile Include="NetworkLockStep.cpp">
      <Filter>Source Files\Network</Filter>
    </ClCompile>
    <ClCompile Include="Entity.cpp">
      <Filter>Source Files\Entities</Filter>
    </ClCompile>
    <ClCompile Include="EntityBox.cpp">
      <Filter>Source Files\Entities</Filter>
    </ClCompile>
    <ClCompile Include="MutexQueue.cpp">
      <Filter>Source Files\Network</Filter>
    </ClCompile>
    <ClCompile Include="Player.cpp">
      <Filter>Source Files\Entities</Filter>
    </ClCompile>
    <ClCompile Include="GameScreen.cpp">
      <Filter>Source Files\Screen</Filter>
    </ClCompile>
    <ClCompile Include="TitleScreen.cpp">
      <Filter>Source Files\Screen</Filter>
    </ClCompile>
    <ClCompile Include="ScreenManager.cpp">
      <Filter>Source Files\Screen\Base Class%27s</Filter>
    </ClCompile>
    <ClCompile Include="Screen.cpp">
      <Filter>Source Files\Screen\Base Class%27s</Filter>
    </ClCompile>
    <ClCompile Include="NetworkPlayer.cpp">
      <Filter>Source Files</Filter>
    </ClCompile>
    <ClCompile Include="DebugGraph.cpp">
      <Filter>Source Files</Filter>
    </ClCompile>
    <ClCompile Include="NetworkSnapshot.cpp">
      <Filter>Source Files</Filter>
    </ClCompile>
    <ClCompile Include="MessagingSystem.cpp">
      <Filter>Source Files</Filter>
    </ClCompile>
    <ClCompile Include="InterpolationBuffer.cpp">
      <Filter>Source Files</Filter>
    </ClCompile>
    <ClCompile Include="NetworkState.cpp">
      <Filter>Source Files</Filter>
    </ClCompile>
    <ClCompile Include="src\Proto\ProtoMessage.pb.cc">
      <Filter>Source Files\Network\Proto</Filter>
    </ClCompile>
    <ClCompile Include="MyQueryCallBack.cpp">
      <Filter>Source Files</Filter>
    </ClCompile>
    <ClCompile Include="JitterBuffer.cpp">
      <Filter>Source Files</Filter>
    </ClCompile>
    <ClCompile Include="NetworkPredictionAndReconciliation.cpp">
      <Filter>Source Files</Filter>
    </ClCompile>
    <ClCompile Include="InputBuffer.cpp">
      <Filter>Source Files</Filter>
    </ClCompile>
  </ItemGroup>
  <ItemGroup>
    <ClInclude Include="World.h">
      <Filter>Header Files</Filter>
    </ClInclude>
    <ClInclude Include="Entity.h">
      <Filter>Header Files</Filter>
    </ClInclude>
    <ClInclude Include="EntityBox.h">
      <Filter>Header Files</Filter>
    </ClInclude>
    <ClInclude Include="Player.h">
      <Filter>Header Files</Filter>
    </ClInclude>
    <ClInclude Include="Network.h">
      <Filter>Header Files</Filter>
    </ClInclude>
    <ClInclude Include="NetworkLockStep.h">
      <Filter>Header Files</Filter>
    </ClInclude>
    <ClInclude Include="MutexQueue.h">
      <Filter>Header Files</Filter>
    </ClInclude>
    <ClInclude Include="GameScreen.h">
      <Filter>Source Files\Screen</Filter>
    </ClInclude>
    <ClInclude Include="TitleScreen.h">
      <Filter>Source Files\Screen</Filter>
    </ClInclude>
    <ClInclude Include="ScreenManager.h">
      <Filter>Source Files\Screen\Base Class%27s</Filter>
    </ClInclude>
    <ClInclude Include="Screen.h">
      <Filter>Source Files\Screen\Base Class%27s</Filter>
    </ClInclude>
    <ClInclude Include="NetworkPlayer.h">
      <Filter>Header Files</Filter>
    </ClInclude>
    <ClInclude Include="DebugGraph.h">
      <Filter>Header Files</Filter>
    </ClInclude>
    <ClInclude Include="NetworkSnapshot.h">
      <Filter>Header Files</Filter>
    </ClInclude>
    <ClInclude Include="MessagingSystem.h">
      <Filter>Header Files</Filter>
    </ClInclude>
    <ClInclude Include="InterpolationBuffer.h">
      <Filter>Header Files</Filter>
    </ClInclude>
    <ClInclude Include="NetworkState.h">
      <Filter>Header Files</Filter>
    </ClInclude>
    <ClInclude Include="src\Proto\ProtoMessage.pb.h">
      <Filter>Source Files\Network\Proto</Filter>
    </ClInclude>
    <ClInclude Include="MyQueryCallBack.h">
      <Filter>Header Files</Filter>
    </ClInclude>
    <ClInclude Include="JitterBuffer.h">
      <Filter>Header Files</Filter>
    </ClInclude>
    <ClInclude Include="NetworkPredictionAndReconciliation.h">
      <Filter>Header Files</Filter>
    </ClInclude>
    <ClInclude Include="InputBuffer.h">
      <Filter>Header Files</Filter>
    </ClInclude>
  </ItemGroup>
</Project>